
Microsoft Visual Studio Solution File, Format Version 12.00
# Visual Studio Version 16
VisualStudioVersion = 16.0.810.3
MinimumVisualStudioVersion = 10.0.40219.1
Project("{FAE04EC0-301F-11D3-BF4B-00C04F79EFBC}") = "testApp", "testApp\testApp.csproj", "{DBA56537-743C-4ACD-A5A2-DF70C1CDC8DD}"
EndProject
Project("{E53339B2-1760-4266-BCC7-CA923CBCF16C}") = "docker-compose", "docker-compose.dcproj", "{C0A66966-31F9-4C58-92A3-390278434990}"
EndProject
Global
	GlobalSection(SolutionConfigurationPlatforms) = preSolution
		Debug|Any CPU = Debug|Any CPU
		Release|Any CPU = Release|Any CPU
	EndGlobalSection
	GlobalSection(ProjectConfigurationPlatforms) = postSolution
		{DBA56537-743C-4ACD-A5A2-DF70C1CDC8DD}.Debug|Any CPU.ActiveCfg = Debug|Any CPU
		{DBA56537-743C-4ACD-A5A2-DF70C1CDC8DD}.Debug|Any CPU.Build.0 = Debug|Any CPU
		{DBA56537-743C-4ACD-A5A2-DF70C1CDC8DD}.Release|Any CPU.ActiveCfg = Release|Any CPU
		{DBA56537-743C-4ACD-A5A2-DF70C1CDC8DD}.Release|Any CPU.Build.0 = Release|Any CPU
		{C0A66966-31F9-4C58-92A3-390278434990}.Debug|Any CPU.ActiveCfg = Debug|Any CPU
		{C0A66966-31F9-4C58-92A3-390278434990}.Debug|Any CPU.Build.0 = Debug|Any CPU
		{C0A66966-31F9-4C58-92A3-390278434990}.Release|Any CPU.ActiveCfg = Release|Any CPU
		{C0A66966-31F9-4C58-92A3-390278434990}.Release|Any CPU.Build.0 = Release|Any CPU
	EndGlobalSection
	GlobalSection(SolutionProperties) = preSolution
		HideSolutionNode = FALSE
	EndGlobalSection
	GlobalSection(ExtensibilityGlobals) = postSolution
		SolutionGuid = {D80B09FD-9000-4AB8-94B4-6A09004CCA9E}
	EndGlobalSection
EndGlobal
